
Microsoft Visual Studio Solution File, Format Version 11.00
# Visual Studio 2010
Project("{FAE04EC0-301F-11D3-BF4B-00C04F79EFBC}") = "OposParser", "OposParser\OposParser.csproj", "{5E508751-3EA0-491B-8FEA-424FC8D5700B}"
EndProject
Project("{FAE04EC0-301F-11D3-BF4B-00C04F79EFBC}") = "OposStarter", "OposStarter\OposStarter.csproj", "{79B86E7D-F739-4F2C-A7EA-A405F4292775}"
EndProject
Project("{FAE04EC0-301F-11D3-BF4B-00C04F79EFBC}") = "OposTests", "OposTests\OposTests.csproj", "{16280A99-736E-44F9-A2F9-92566538FE17}"
EndProject
Project("{FAE04EC0-301F-11D3-BF4B-00C04F79EFBC}") = "OposUi", "..\..\..\..\media\midgard\Dokumente\Code\OposParser\OposUi\OposUi.csproj", "{A2F1F5E8-1E7F-496F-B19B-00B84D0302AF}"
EndProject
Global
	GlobalSection(SolutionConfigurationPlatforms) = preSolution
		Debug|x86 = Debug|x86
		Release|x86 = Release|x86
		Debug|Any CPU = Debug|Any CPU
		Release|Any CPU = Release|Any CPU
	EndGlobalSection
	GlobalSection(ProjectConfigurationPlatforms) = postSolution
		{16280A99-736E-44F9-A2F9-92566538FE17}.Debug|Any CPU.ActiveCfg = Debug|Any CPU
		{16280A99-736E-44F9-A2F9-92566538FE17}.Debug|Any CPU.Build.0 = Debug|Any CPU
		{16280A99-736E-44F9-A2F9-92566538FE17}.Debug|x86.ActiveCfg = Debug|Any CPU
		{16280A99-736E-44F9-A2F9-92566538FE17}.Debug|x86.Build.0 = Debug|Any CPU
		{16280A99-736E-44F9-A2F9-92566538FE17}.Release|Any CPU.ActiveCfg = Release|Any CPU
		{16280A99-736E-44F9-A2F9-92566538FE17}.Release|Any CPU.Build.0 = Release|Any CPU
		{16280A99-736E-44F9-A2F9-92566538FE17}.Release|x86.ActiveCfg = Release|Any CPU
		{16280A99-736E-44F9-A2F9-92566538FE17}.Release|x86.Build.0 = Release|Any CPU
		{5E508751-3EA0-491B-8FEA-424FC8D5700B}.Debug|x86.ActiveCfg = Debug|x86
		{5E508751-3EA0-491B-8FEA-424FC8D5700B}.Debug|x86.Build.0 = Debug|x86
		{5E508751-3EA0-491B-8FEA-424FC8D5700B}.Release|x86.ActiveCfg = Release|x86
		{5E508751-3EA0-491B-8FEA-424FC8D5700B}.Release|x86.Build.0 = Release|x86
		{79B86E7D-F739-4F2C-A7EA-A405F4292775}.Debug|x86.ActiveCfg = Debug|x86
		{79B86E7D-F739-4F2C-A7EA-A405F4292775}.Debug|x86.Build.0 = Debug|x86
		{79B86E7D-F739-4F2C-A7EA-A405F4292775}.Release|x86.ActiveCfg = Release|x86
		{79B86E7D-F739-4F2C-A7EA-A405F4292775}.Release|x86.Build.0 = Release|x86
		{A2F1F5E8-1E7F-496F-B19B-00B84D0302AF}.Debug|Any CPU.ActiveCfg = Debug|x86
		{A2F1F5E8-1E7F-496F-B19B-00B84D0302AF}.Debug|Any CPU.Build.0 = Debug|x86
		{A2F1F5E8-1E7F-496F-B19B-00B84D0302AF}.Debug|x86.ActiveCfg = Debug|x86
		{A2F1F5E8-1E7F-496F-B19B-00B84D0302AF}.Debug|x86.Build.0 = Debug|x86
		{A2F1F5E8-1E7F-496F-B19B-00B84D0302AF}.Release|Any CPU.ActiveCfg = Release|x86
		{A2F1F5E8-1E7F-496F-B19B-00B84D0302AF}.Release|Any CPU.Build.0 = Release|x86
		{A2F1F5E8-1E7F-496F-B19B-00B84D0302AF}.Release|x86.ActiveCfg = Release|x86
		{A2F1F5E8-1E7F-496F-B19B-00B84D0302AF}.Release|x86.Build.0 = Release|x86
	EndGlobalSection
	GlobalSection(MonoDevelopProperties) = preSolution
		StartupItem = ..\..\..\..\media\midgard\Dokumente\Code\OposParser\OposUi\OposUi.csproj
		Policies = $0
		$0.DotNetNamingPolicy = $1
		$1.DirectoryNamespaceAssociation = None
		$1.ResourceNamePolicy = FileFormatDefault
		$0.TextStylePolicy = $2
		$2.TabWidth = 4
		$2.inheritsSet = Mono
		$2.inheritsScope = text/plain
		$2.scope = text/x-csharp
		$0.CSharpFormattingPolicy = $3
		$3.inheritsSet = Mono
		$3.inheritsScope = text/x-csharp
		$3.scope = text/x-csharp
	EndGlobalSection
EndGlobal
